
Microsoft Visual Studio Solution File, Format Version 12.00
# Visual Studio Version 16
VisualStudioVersion = 16.0.31112.23
MinimumVisualStudioVersion = 10.0.40219.1
Project("{FAE04EC0-301F-11D3-BF4B-00C04F79EFBC}") = "Calculator", "Calculator.csproj", "{024F1800-CC50-4C84-AAD0-C5AAB627B640}"
EndProject
Global
	GlobalSection(SolutionConfigurationPlatforms) = preSolution
		Debug|Any CPU = Debug|Any CPU
		Release|Any CPU = Release|Any CPU
	EndGlobalSection
	GlobalSection(ProjectConfigurationPlatforms) = postSolution
		{024F1800-CC50-4C84-AAD0-C5AAB627B640}.Debug|Any CPU.ActiveCfg = Debug|Any CPU
		{024F1800-CC50-4C84-AAD0-C5AAB627B640}.Debug|Any CPU.Build.0 = Debug|Any CPU
		{024F1800-CC50-4C84-AAD0-C5AAB627B640}.Release|Any CPU.ActiveCfg = Release|Any CPU
		{024F1800-CC50-4C84-AAD0-C5AAB627B640}.Release|Any CPU.Build.0 = Release|Any CPU
	EndGlobalSection
	GlobalSection(SolutionProperties) = preSolution
		HideSolutionNode = FALSE
	EndGlobalSection
	GlobalSection(ExtensibilityGlobals) = postSolution
		SolutionGuid = {3ABD1C4A-7E6E-4FEB-8A62-CB87401E9DDF}
	EndGlobalSection
EndGlobal
